// !$*UTF8*$!
{
	archiveVersion = 1;
	classes = {
	};
	objectVersion = 46;
	objects = {

/* Begin PBXBuildFile section */
		DC689E4D1AA0174800FD78FE /* AppDelegate.swift in Sources */ = {isa = PBXBuildFile; fileRef = DC689E4C1AA0174800FD78FE /* AppDelegate.swift */; };
		DC689E4F1AA0174800FD78FE /* ViewController.swift in Sources */ = {isa = PBXBuildFile; fileRef = DC689E4E1AA0174800FD78FE /* ViewController.swift */; };
		DC689E541AA0174800FD78FE /* Images.xcassets in Resources */ = {isa = PBXBuildFile; fileRef = DC689E531AA0174800FD78FE /* Images.xcassets */; };
		DC689E571AA0174800FD78FE /* LaunchScreen.xib in Resources */ = {isa = PBXBuildFile; fileRef = DC689E551AA0174800FD78FE /* LaunchScreen.xib */; };
		DC689E631AA0174900FD78FE /* WaterChatTests.swift in Sources */ = {isa = PBXBuildFile; fileRef = DC689E621AA0174900FD78FE /* WaterChatTests.swift */; };
		DC689E6D1AA01B8C00FD78FE /* MultipeerConnectivity.framework in Frameworks */ = {isa = PBXBuildFile; fileRef = DC689E6C1AA01B8C00FD78FE /* MultipeerConnectivity.framework */; };
		DCA748521AADF71C00A7430C /* AODVConfig.swift in Sources */ = {isa = PBXBuildFile; fileRef = DCA748511AADF71C00A7430C /* AODVConfig.swift */; };
		DCA748541AAF6EB600A7430C /* CommunicationBuffer.swift in Sources */ = {isa = PBXBuildFile; fileRef = DCA748531AAF6EB600A7430C /* CommunicationBuffer.swift */; };
		DCA748561AAF728100A7430C /* RawMessage.swift in Sources */ = {isa = PBXBuildFile; fileRef = DCA748551AAF728100A7430C /* RawMessage.swift */; };
		DCA748581AAFF56900A7430C /* RouteStatus.swift in Sources */ = {isa = PBXBuildFile; fileRef = DCA748571AAFF56900A7430C /* RouteStatus.swift */; };
		DCA7485A1AB4B88A00A7430C /* RouteReply.swift in Sources */ = {isa = PBXBuildFile; fileRef = DCA748591AB4B88A00A7430C /* RouteReply.swift */; };
		DCA7485C1AB6A2CB00A7430C /* Util.swift in Sources */ = {isa = PBXBuildFile; fileRef = DCA7485B1AB6A2CB00A7430C /* Util.swift */; };
		DCC032D31AACC24300CE28FF /* MessageType.swift in Sources */ = {isa = PBXBuildFile; fileRef = DCC032D21AACC24300CE28FF /* MessageType.swift */; };
		DCC032D51AACC2A000CE28FF /* Message.swift in Sources */ = {isa = PBXBuildFile; fileRef = DCC032D41AACC2A000CE28FF /* Message.swift */; };
		DCC032D71AACC37C00CE28FF /* RouteRequest.swift in Sources */ = {isa = PBXBuildFile; fileRef = DCC032D61AACC37C00CE28FF /* RouteRequest.swift */; };
		DCC032DA1AACD72A00CE28FF /* TableEntry.swift in Sources */ = {isa = PBXBuildFile; fileRef = DCC032D91AACD72A00CE28FF /* TableEntry.swift */; };
		DCC3E6101AA96A68008901DB /* User.swift in Sources */ = {isa = PBXBuildFile; fileRef = DCC3E60F1AA96A68008901DB /* User.swift */; };
		DCC3E6121AA96DA3008901DB /* MIME.swift in Sources */ = {isa = PBXBuildFile; fileRef = DCC3E6111AA96DA3008901DB /* MIME.swift */; };
		DCC3E6161AAA11B7008901DB /* Config.swift in Sources */ = {isa = PBXBuildFile; fileRef = DCC3E6151AAA11B7008901DB /* Config.swift */; };
		DCC3E6191AAA1874008901DB /* Logger.swift in Sources */ = {isa = PBXBuildFile; fileRef = DCC3E6181AAA1874008901DB /* Logger.swift */; };
		DCC3E61C1AAA1E24008901DB /* RouteManager.swift in Sources */ = {isa = PBXBuildFile; fileRef = DCC3E61B1AAA1E24008901DB /* RouteManager.swift */; };
		DCC3E61F1AAA2491008901DB /* MessagePasser.swift in Sources */ = {isa = PBXBuildFile; fileRef = DCC3E61E1AAA2491008901DB /* MessagePasser.swift */; };
		F40540831AD5A62000C90893 /* welcome.png in Resources */ = {isa = PBXBuildFile; fileRef = F40540821AD5A62000C90893 /* welcome.png */; };
		F40540851AD5B3A700C90893 /* CreateProfileViewController.swift in Sources */ = {isa = PBXBuildFile; fileRef = F40540841AD5B3A700C90893 /* CreateProfileViewController.swift */; };
		F40540871AD5CCB700C90893 /* UserProfile.swift in Sources */ = {isa = PBXBuildFile; fileRef = F40540861AD5CCB700C90893 /* UserProfile.swift */; };
		F405408A1AD5E31400C90893 /* Main.storyboard in Resources */ = {isa = PBXBuildFile; fileRef = F40540881AD5E31400C90893 /* Main.storyboard */; };
/* End PBXBuildFile section */

/* Begin PBXBuildRule section */
		DC20CBEF1AACFD16000CB34B /* PBXBuildRule */ = {
			isa = PBXBuildRule;
			compilerSpec = com.apple.compilers.proxy.script;
			fileType = pattern.proxy;
			isEditable = 1;
			outputFiles = (
			);
		};
		DC20CBF01AACFD19000CB34B /* PBXBuildRule */ = {
			isa = PBXBuildRule;
			compilerSpec = com.apple.compilers.proxy.script;
			fileType = pattern.proxy;
			isEditable = 1;
			outputFiles = (
			);
		};
/* End PBXBuildRule section */

/* Begin PBXContainerItemProxy section */
		DC689E5D1AA0174800FD78FE /* PBXContainerItemProxy */ = {
			isa = PBXContainerItemProxy;
			containerPortal = DC689E3F1AA0174800FD78FE /* Project object */;
			proxyType = 1;
			remoteGlobalIDString = DC689E461AA0174800FD78FE;
			remoteInfo = WaterChat;
		};
/* End PBXContainerItemProxy section */

/* Begin PBXFileReference section */
		DC689E471AA0174800FD78FE /* WaterChat.app */ = {isa = PBXFileReference; explicitFileType = wrapper.application; includeInIndex = 0; path = WaterChat.app; sourceTree = BUILT_PRODUCTS_DIR; };
		DC689E4B1AA0174800FD78FE /* Info.plist */ = {isa = PBXFileReference; lastKnownFileType = text.plist.xml; path = Info.plist; sourceTree = "<group>"; };
		DC689E4C1AA0174800FD78FE /* AppDelegate.swift */ = {isa = PBXFileReference; lastKnownFileType = sourcecode.swift; path = AppDelegate.swift; sourceTree = "<group>"; };
		DC689E4E1AA0174800FD78FE /* ViewController.swift */ = {isa = PBXFileReference; lastKnownFileType = sourcecode.swift; path = ViewController.swift; sourceTree = "<group>"; };
		DC689E531AA0174800FD78FE /* Images.xcassets */ = {isa = PBXFileReference; lastKnownFileType = folder.assetcatalog; path = Images.xcassets; sourceTree = "<group>"; };
		DC689E561AA0174800FD78FE /* Base */ = {isa = PBXFileReference; lastKnownFileType = file.xib; name = Base; path = Base.lproj/LaunchScreen.xib; sourceTree = "<group>"; };
		DC689E5C1AA0174800FD78FE /* WaterChatTests.xctest */ = {isa = PBXFileReference; explicitFileType = wrapper.cfbundle; includeInIndex = 0; path = WaterChatTests.xctest; sourceTree = BUILT_PRODUCTS_DIR; };
		DC689E611AA0174900FD78FE /* Info.plist */ = {isa = PBXFileReference; lastKnownFileType = text.plist.xml; path = Info.plist; sourceTree = "<group>"; };
		DC689E621AA0174900FD78FE /* WaterChatTests.swift */ = {isa = PBXFileReference; lastKnownFileType = sourcecode.swift; path = WaterChatTests.swift; sourceTree = "<group>"; };
		DC689E6C1AA01B8C00FD78FE /* MultipeerConnectivity.framework */ = {isa = PBXFileReference; lastKnownFileType = wrapper.framework; name = MultipeerConnectivity.framework; path = System/Library/Frameworks/MultipeerConnectivity.framework; sourceTree = SDKROOT; };
		DCA748511AADF71C00A7430C /* AODVConfig.swift */ = {isa = PBXFileReference; fileEncoding = 4; lastKnownFileType = sourcecode.swift; path = AODVConfig.swift; sourceTree = "<group>"; };
		DCA748531AAF6EB600A7430C /* CommunicationBuffer.swift */ = {isa = PBXFileReference; fileEncoding = 4; lastKnownFileType = sourcecode.swift; path = CommunicationBuffer.swift; sourceTree = "<group>"; };
		DCA748551AAF728100A7430C /* RawMessage.swift */ = {isa = PBXFileReference; fileEncoding = 4; lastKnownFileType = sourcecode.swift; path = RawMessage.swift; sourceTree = "<group>"; };
		DCA748571AAFF56900A7430C /* RouteStatus.swift */ = {isa = PBXFileReference; fileEncoding = 4; lastKnownFileType = sourcecode.swift; path = RouteStatus.swift; sourceTree = "<group>"; };
		DCA748591AB4B88A00A7430C /* RouteReply.swift */ = {isa = PBXFileReference; fileEncoding = 4; lastKnownFileType = sourcecode.swift; path = RouteReply.swift; sourceTree = "<group>"; };
		DCA7485B1AB6A2CB00A7430C /* Util.swift */ = {isa = PBXFileReference; fileEncoding = 4; lastKnownFileType = sourcecode.swift; path = Util.swift; sourceTree = "<group>"; };
		DCC032D21AACC24300CE28FF /* MessageType.swift */ = {isa = PBXFileReference; fileEncoding = 4; lastKnownFileType = sourcecode.swift; path = MessageType.swift; sourceTree = "<group>"; };
		DCC032D41AACC2A000CE28FF /* Message.swift */ = {isa = PBXFileReference; fileEncoding = 4; lastKnownFileType = sourcecode.swift; path = Message.swift; sourceTree = "<group>"; };
		DCC032D61AACC37C00CE28FF /* RouteRequest.swift */ = {isa = PBXFileReference; fileEncoding = 4; lastKnownFileType = sourcecode.swift; path = RouteRequest.swift; sourceTree = "<group>"; };
		DCC032D91AACD72A00CE28FF /* TableEntry.swift */ = {isa = PBXFileReference; fileEncoding = 4; lastKnownFileType = sourcecode.swift; path = TableEntry.swift; sourceTree = "<group>"; };
		DCC3E60F1AA96A68008901DB /* User.swift */ = {isa = PBXFileReference; fileEncoding = 4; lastKnownFileType = sourcecode.swift; path = User.swift; sourceTree = "<group>"; };
		DCC3E6111AA96DA3008901DB /* MIME.swift */ = {isa = PBXFileReference; fileEncoding = 4; lastKnownFileType = sourcecode.swift; path = MIME.swift; sourceTree = "<group>"; };
		DCC3E6151AAA11B7008901DB /* Config.swift */ = {isa = PBXFileReference; fileEncoding = 4; lastKnownFileType = sourcecode.swift; path = Config.swift; sourceTree = "<group>"; };
		DCC3E6181AAA1874008901DB /* Logger.swift */ = {isa = PBXFileReference; fileEncoding = 4; lastKnownFileType = sourcecode.swift; path = Logger.swift; sourceTree = "<group>"; };
		DCC3E61B1AAA1E24008901DB /* RouteManager.swift */ = {isa = PBXFileReference; fileEncoding = 4; lastKnownFileType = sourcecode.swift; path = RouteManager.swift; sourceTree = "<group>"; };
		DCC3E61E1AAA2491008901DB /* MessagePasser.swift */ = {isa = PBXFileReference; fileEncoding = 4; lastKnownFileType = sourcecode.swift; path = MessagePasser.swift; sourceTree = "<group>"; };
		F40540821AD5A62000C90893 /* welcome.png */ = {isa = PBXFileReference; lastKnownFileType = image.png; name = welcome.png; path = ../../UI/Asset/welcome.png; sourceTree = "<group>"; };
		F40540841AD5B3A700C90893 /* CreateProfileViewController.swift */ = {isa = PBXFileReference; fileEncoding = 4; lastKnownFileType = sourcecode.swift; path = CreateProfileViewController.swift; sourceTree = "<group>"; };
		F40540861AD5CCB700C90893 /* UserProfile.swift */ = {isa = PBXFileReference; fileEncoding = 4; lastKnownFileType = sourcecode.swift; path = UserProfile.swift; sourceTree = "<group>"; };
		F40540891AD5E31400C90893 /* Base */ = {isa = PBXFileReference; lastKnownFileType = file.storyboard; name = Base; path = Base.lproj/Main.storyboard; sourceTree = "<group>"; };
/* End PBXFileReference section */

/* Begin PBXFrameworksBuildPhase section */
		DC689E441AA0174800FD78FE /* Frameworks */ = {
			isa = PBXFrameworksBuildPhase;
			buildActionMask = 2147483647;
			files = (
				DC689E6D1AA01B8C00FD78FE /* MultipeerConnectivity.framework in Frameworks */,
			);
			runOnlyForDeploymentPostprocessing = 0;
		};
		DC689E591AA0174800FD78FE /* Frameworks */ = {
			isa = PBXFrameworksBuildPhase;
			buildActionMask = 2147483647;
			files = (
			);
			runOnlyForDeploymentPostprocessing = 0;
		};
/* End PBXFrameworksBuildPhase section */

/* Begin PBXGroup section */
		DC689E3E1AA0174800FD78FE = {
			isa = PBXGroup;
			children = (
				DC689E6C1AA01B8C00FD78FE /* MultipeerConnectivity.framework */,
				DC689E491AA0174800FD78FE /* WaterChat */,
				DC689E5F1AA0174900FD78FE /* WaterChatTests */,
				DC689E481AA0174800FD78FE /* Products */,
			);
			sourceTree = "<group>";
		};
		DC689E481AA0174800FD78FE /* Products */ = {
			isa = PBXGroup;
			children = (
				DC689E471AA0174800FD78FE /* WaterChat.app */,
				DC689E5C1AA0174800FD78FE /* WaterChatTests.xctest */,
			);
			name = Products;
			sourceTree = "<group>";
		};
		DC689E491AA0174800FD78FE /* WaterChat */ = {
			isa = PBXGroup;
			children = (
				DCC032D81AACCFEE00CE28FF /* AODV */,
				DCC3E61A1AAA1E09008901DB /* Core */,
				DCC3E6171AAA1861008901DB /* Utility */,
				DCC3E60E1AA96A4B008901DB /* DataType */,
				DC689E4C1AA0174800FD78FE /* AppDelegate.swift */,
				F40540881AD5E31400C90893 /* Main.storyboard */,
				DCC3E6151AAA11B7008901DB /* Config.swift */,
				DC689E4E1AA0174800FD78FE /* ViewController.swift */,
				F40540861AD5CCB700C90893 /* UserProfile.swift */,
				F40540841AD5B3A700C90893 /* CreateProfileViewController.swift */,
				DC689E531AA0174800FD78FE /* Images.xcassets */,
				DC689E551AA0174800FD78FE /* LaunchScreen.xib */,
				DC689E4A1AA0174800FD78FE /* Supporting Files */,
			);
			path = WaterChat;
			sourceTree = "<group>";
		};
		DC689E4A1AA0174800FD78FE /* Supporting Files */ = {
			isa = PBXGroup;
			children = (
				F40540821AD5A62000C90893 /* welcome.png */,
				DC689E4B1AA0174800FD78FE /* Info.plist */,
			);
			name = "Supporting Files";
			sourceTree = "<group>";
		};
		DC689E5F1AA0174900FD78FE /* WaterChatTests */ = {
			isa = PBXGroup;
			children = (
				DC689E621AA0174900FD78FE /* WaterChatTests.swift */,
				DC689E601AA0174900FD78FE /* Supporting Files */,
			);
			path = WaterChatTests;
			sourceTree = "<group>";
		};
		DC689E601AA0174900FD78FE /* Supporting Files */ = {
			isa = PBXGroup;
			children = (
				DC689E611AA0174900FD78FE /* Info.plist */,
			);
			name = "Supporting Files";
			sourceTree = "<group>";
		};
		DCC032D81AACCFEE00CE28FF /* AODV */ = {
			isa = PBXGroup;
			children = (
				DCC3E61B1AAA1E24008901DB /* RouteManager.swift */,
				DCC032D91AACD72A00CE28FF /* TableEntry.swift */,
				DCA748511AADF71C00A7430C /* AODVConfig.swift */,
				DCA748571AAFF56900A7430C /* RouteStatus.swift */,
				DCC032D61AACC37C00CE28FF /* RouteRequest.swift */,
				DCA748591AB4B88A00A7430C /* RouteReply.swift */,
			);
			name = AODV;
			sourceTree = "<group>";
		};
		DCC3E60E1AA96A4B008901DB /* DataType */ = {
			isa = PBXGroup;
			children = (
				DCC3E60F1AA96A68008901DB /* User.swift */,
				DCC3E6111AA96DA3008901DB /* MIME.swift */,
				DCC032D21AACC24300CE28FF /* MessageType.swift */,
				DCC032D41AACC2A000CE28FF /* Message.swift */,
			);
			name = DataType;
			sourceTree = "<group>";
		};
		DCC3E6171AAA1861008901DB /* Utility */ = {
			isa = PBXGroup;
			children = (
				DCC3E6181AAA1874008901DB /* Logger.swift */,
				DCA7485B1AB6A2CB00A7430C /* Util.swift */,
			);
			name = Utility;
			sourceTree = "<group>";
		};
		DCC3E61A1AAA1E09008901DB /* Core */ = {
			isa = PBXGroup;
			children = (
				DCC3E61E1AAA2491008901DB /* MessagePasser.swift */,
				DCA748531AAF6EB600A7430C /* CommunicationBuffer.swift */,
				DCA748551AAF728100A7430C /* RawMessage.swift */,
			);
			name = Core;
			sourceTree = "<group>";
		};
/* End PBXGroup section */

/* Begin PBXNativeTarget section */
		DC689E461AA0174800FD78FE /* WaterChat */ = {
			isa = PBXNativeTarget;
			buildConfigurationList = DC689E661AA0174900FD78FE /* Build configuration list for PBXNativeTarget "WaterChat" */;
			buildPhases = (
				DC689E431AA0174800FD78FE /* Sources */,
				DC689E441AA0174800FD78FE /* Frameworks */,
				DC689E451AA0174800FD78FE /* Resources */,
			);
			buildRules = (
				DC20CBF01AACFD19000CB34B /* PBXBuildRule */,
				DC20CBEF1AACFD16000CB34B /* PBXBuildRule */,
			);
			dependencies = (
			);
			name = WaterChat;
			productName = WaterChat;
			productReference = DC689E471AA0174800FD78FE /* WaterChat.app */;
			productType = "com.apple.product-type.application";
		};
		DC689E5B1AA0174800FD78FE /* WaterChatTests */ = {
			isa = PBXNativeTarget;
			buildConfigurationList = DC689E691AA0174900FD78FE /* Build configuration list for PBXNativeTarget "WaterChatTests" */;
			buildPhases = (
				DC689E581AA0174800FD78FE /* Sources */,
				DC689E591AA0174800FD78FE /* Frameworks */,
				DC689E5A1AA0174800FD78FE /* Resources */,
			);
			buildRules = (
			);
			dependencies = (
				DC689E5E1AA0174800FD78FE /* PBXTargetDependency */,
			);
			name = WaterChatTests;
			productName = WaterChatTests;
			productReference = DC689E5C1AA0174800FD78FE /* WaterChatTests.xctest */;
			productType = "com.apple.product-type.bundle.unit-test";
		};
/* End PBXNativeTarget section */

/* Begin PBXProject section */
		DC689E3F1AA0174800FD78FE /* Project object */ = {
			isa = PBXProject;
			attributes = {
				LastUpgradeCheck = 0610;
				ORGANIZATIONNAME = "Hsueh-Hung Cheng";
				TargetAttributes = {
					DC689E461AA0174800FD78FE = {
						CreatedOnToolsVersion = 6.1.1;
						DevelopmentTeam = 9VUC3R8D65;
					};
					DC689E5B1AA0174800FD78FE = {
						CreatedOnToolsVersion = 6.1.1;
						TestTargetID = DC689E461AA0174800FD78FE;
					};
				};
			};
			buildConfigurationList = DC689E421AA0174800FD78FE /* Build configuration list for PBXProject "WaterChat" */;
			compatibilityVersion = "Xcode 3.2";
			developmentRegion = English;
			hasScannedForEncodings = 0;
			knownRegions = (
				en,
				Base,
			);
			mainGroup = DC689E3E1AA0174800FD78FE;
			productRefGroup = DC689E481AA0174800FD78FE /* Products */;
			projectDirPath = "";
			projectRoot = "";
			targets = (
				DC689E461AA0174800FD78FE /* WaterChat */,
				DC689E5B1AA0174800FD78FE /* WaterChatTests */,
			);
		};
/* End PBXProject section */

/* Begin PBXResourcesBuildPhase section */
		DC689E451AA0174800FD78FE /* Resources */ = {
			isa = PBXResourcesBuildPhase;
			buildActionMask = 2147483647;
			files = (
				DC689E571AA0174800FD78FE /* LaunchScreen.xib in Resources */,
				F40540831AD5A62000C90893 /* welcome.png in Resources */,
				DC689E541AA0174800FD78FE /* Images.xcassets in Resources */,
				F405408A1AD5E31400C90893 /* Main.storyboard in Resources */,
			);
			runOnlyForDeploymentPostprocessing = 0;
		};
		DC689E5A1AA0174800FD78FE /* Resources */ = {
			isa = PBXResourcesBuildPhase;
			buildActionMask = 2147483647;
			files = (
			);
			runOnlyForDeploymentPostprocessing = 0;
		};
/* End PBXResourcesBuildPhase section */

/* Begin PBXSourcesBuildPhase section */
		DC689E431AA0174800FD78FE /* Sources */ = {
			isa = PBXSourcesBuildPhase;
			buildActionMask = 2147483647;
			files = (
				DC689E4F1AA0174800FD78FE /* ViewController.swift in Sources */,
				DCA7485C1AB6A2CB00A7430C /* Util.swift in Sources */,
				DCC032D71AACC37C00CE28FF /* RouteRequest.swift in Sources */,
				DCC3E6121AA96DA3008901DB /* MIME.swift in Sources */,
				DCC3E61F1AAA2491008901DB /* MessagePasser.swift in Sources */,
				DCC3E61C1AAA1E24008901DB /* RouteManager.swift in Sources */,
				DCC032DA1AACD72A00CE28FF /* TableEntry.swift in Sources */,
				DCA748521AADF71C00A7430C /* AODVConfig.swift in Sources */,
				DCA748561AAF728100A7430C /* RawMessage.swift in Sources */,
				DC689E4D1AA0174800FD78FE /* AppDelegate.swift in Sources */,
				DCA748541AAF6EB600A7430C /* CommunicationBuffer.swift in Sources */,
				DCC3E6191AAA1874008901DB /* Logger.swift in Sources */,
				F40540871AD5CCB700C90893 /* UserProfile.swift in Sources */,
				DCC032D31AACC24300CE28FF /* MessageType.swift in Sources */,
				DCA7485A1AB4B88A00A7430C /* RouteReply.swift in Sources */,
				F40540851AD5B3A700C90893 /* CreateProfileViewController.swift in Sources */,
				DCC032D51AACC2A000CE28FF /* Message.swift in Sources */,
				DCC3E6101AA96A68008901DB /* User.swift in Sources */,
				DCC3E6161AAA11B7008901DB /* Config.swift in Sources */,
				DCA748581AAFF56900A7430C /* RouteStatus.swift in Sources */,
			);
			runOnlyForDeploymentPostprocessing = 0;
		};
		DC689E581AA0174800FD78FE /* Sources */ = {
			isa = PBXSourcesBuildPhase;
			buildActionMask = 2147483647;
			files = (
				DC689E631AA0174900FD78FE /* WaterChatTests.swift in Sources */,
			);
			runOnlyForDeploymentPostprocessing = 0;
		};
/* End PBXSourcesBuildPhase section */

/* Begin PBXTargetDependency section */
		DC689E5E1AA0174800FD78FE /* PBXTargetDependency */ = {
			isa = PBXTargetDependency;
			target = DC689E461AA0174800FD78FE /* WaterChat */;
			targetProxy = DC689E5D1AA0174800FD78FE /* PBXContainerItemProxy */;
		};
/* End PBXTargetDependency section */

/* Begin PBXVariantGroup section */
		DC689E551AA0174800FD78FE /* LaunchScreen.xib */ = {
			isa = PBXVariantGroup;
			children = (
				DC689E561AA0174800FD78FE /* Base */,
			);
			name = LaunchScreen.xib;
			sourceTree = "<group>";
		};
		F40540881AD5E31400C90893 /* Main.storyboard */ = {
			isa = PBXVariantGroup;
			children = (
				F40540891AD5E31400C90893 /* Base */,
			);
			name = Main.storyboard;
			sourceTree = "<group>";
		};
/* End PBXVariantGroup section */

/* Begin XCBuildConfiguration section */
		DC689E641AA0174900FD78FE /* Debug */ = {
			isa = XCBuildConfiguration;
			buildSettings = {
				ALWAYS_SEARCH_USER_PATHS = NO;
				CLANG_CXX_LANGUAGE_STANDARD = "gnu++0x";
				CLANG_CXX_LIBRARY = "libc++";
				CLANG_ENABLE_MODULES = YES;
				CLANG_ENABLE_OBJC_ARC = YES;
				CLANG_WARN_BOOL_CONVERSION = YES;
				CLANG_WARN_CONSTANT_CONVERSION = YES;
				CLANG_WARN_DIRECT_OBJC_ISA_USAGE = YES_ERROR;
				CLANG_WARN_EMPTY_BODY = YES;
				CLANG_WARN_ENUM_CONVERSION = YES;
				CLANG_WARN_INT_CONVERSION = YES;
				CLANG_WARN_OBJC_ROOT_CLASS = YES_ERROR;
				CLANG_WARN_UNREACHABLE_CODE = YES;
				CLANG_WARN__DUPLICATE_METHOD_MATCH = YES;
				"CODE_SIGN_IDENTITY[sdk=iphoneos*]" = "iPhone Developer";
				COPY_PHASE_STRIP = NO;
				ENABLE_STRICT_OBJC_MSGSEND = YES;
				GCC_C_LANGUAGE_STANDARD = gnu99;
				GCC_DYNAMIC_NO_PIC = NO;
				GCC_OPTIMIZATION_LEVEL = 0;
				GCC_PREPROCESSOR_DEFINITIONS = (
					"DEBUG=1",
					"$(inherited)",
				);
				GCC_SYMBOLS_PRIVATE_EXTERN = NO;
				GCC_WARN_64_TO_32_BIT_CONVERSION = YES;
				GCC_WARN_ABOUT_RETURN_TYPE = YES_ERROR;
				GCC_WARN_UNDECLARED_SELECTOR = YES;
				GCC_WARN_UNINITIALIZED_AUTOS = YES_AGGRESSIVE;
				GCC_WARN_UNUSED_FUNCTION = YES;
				GCC_WARN_UNUSED_VARIABLE = YES;
				IPHONEOS_DEPLOYMENT_TARGET = 8.1;
				MTL_ENABLE_DEBUG_INFO = YES;
				ONLY_ACTIVE_ARCH = YES;
				SDKROOT = iphoneos;
				SWIFT_OPTIMIZATION_LEVEL = "-Onone";
				TARGETED_DEVICE_FAMILY = "1,2";
			};
			name = Debug;
		};
		DC689E651AA0174900FD78FE /* Release */ = {
			isa = XCBuildConfiguration;
			buildSettings = {
				ALWAYS_SEARCH_USER_PATHS = NO;
				CLANG_CXX_LANGUAGE_STANDARD = "gnu++0x";
				CLANG_CXX_LIBRARY = "libc++";
				CLANG_ENABLE_MODULES = YES;
				CLANG_ENABLE_OBJC_ARC = YES;
				CLANG_WARN_BOOL_CONVERSION = YES;
				CLANG_WARN_CONSTANT_CONVERSION = YES;
				CLANG_WARN_DIRECT_OBJC_ISA_USAGE = YES_ERROR;
				CLANG_WARN_EMPTY_BODY = YES;
				CLANG_WARN_ENUM_CONVERSION = YES;
				CLANG_WARN_INT_CONVERSION = YES;
				CLANG_WARN_OBJC_ROOT_CLASS = YES_ERROR;
				CLANG_WARN_UNREACHABLE_CODE = YES;
				CLANG_WARN__DUPLICATE_METHOD_MATCH = YES;
				"CODE_SIGN_IDENTITY[sdk=iphoneos*]" = "iPhone Developer";
				COPY_PHASE_STRIP = YES;
				ENABLE_NS_ASSERTIONS = NO;
				ENABLE_STRICT_OBJC_MSGSEND = YES;
				GCC_C_LANGUAGE_STANDARD = gnu99;
				GCC_WARN_64_TO_32_BIT_CONVERSION = YES;
				GCC_WARN_ABOUT_RETURN_TYPE = YES_ERROR;
				GCC_WARN_UNDECLARED_SELECTOR = YES;
				GCC_WARN_UNINITIALIZED_AUTOS = YES_AGGRESSIVE;
				GCC_WARN_UNUSED_FUNCTION = YES;
				GCC_WARN_UNUSED_VARIABLE = YES;
				IPHONEOS_DEPLOYMENT_TARGET = 8.1;
				MTL_ENABLE_DEBUG_INFO = NO;
				SDKROOT = iphoneos;
				TARGETED_DEVICE_FAMILY = "1,2";
				VALIDATE_PRODUCT = YES;
			};
			name = Release;
		};
		DC689E671AA0174900FD78FE /* Debug */ = {
			isa = XCBuildConfiguration;
			buildSettings = {
				ASSETCATALOG_COMPILER_APPICON_NAME = AppIcon;
				INFOPLIST_FILE = WaterChat/Info.plist;
				LD_RUNPATH_SEARCH_PATHS = "$(inherited) @executable_path/Frameworks";
				PRODUCT_NAME = "$(TARGET_NAME)";
				TARGETED_DEVICE_FAMILY = 2;
			};
			name = Debug;
		};
		DC689E681AA0174900FD78FE /* Release */ = {
			isa = XCBuildConfiguration;
			buildSettings = {
				ASSETCATALOG_COMPILER_APPICON_NAME = AppIcon;
				INFOPLIST_FILE = WaterChat/Info.plist;
				LD_RUNPATH_SEARCH_PATHS = "$(inherited) @executable_path/Frameworks";
				PRODUCT_NAME = "$(TARGET_NAME)";
				TARGETED_DEVICE_FAMILY = 2;
			};
			name = Release;
		};
		DC689E6A1AA0174900FD78FE /* Debug */ = {
			isa = XCBuildConfiguration;
			buildSettings = {
				BUNDLE_LOADER = "$(TEST_HOST)";
				FRAMEWORK_SEARCH_PATHS = (
					"$(SDKROOT)/Developer/Library/Frameworks",
					"$(inherited)",
				);
				GCC_PREPROCESSOR_DEFINITIONS = (
					"DEBUG=1",
					"$(inherited)",
				);
				INFOPLIST_FILE = WaterChatTests/Info.plist;
				LD_RUNPATH_SEARCH_PATHS = "$(inherited) @executable_path/Frameworks @loader_path/Frameworks";
				PRODUCT_NAME = "$(TARGET_NAME)";
				TEST_HOST = "$(BUILT_PRODUCTS_DIR)/WaterChat.app/WaterChat";
			};
			name = Debug;
		};
		DC689E6B1AA0174900FD78FE /* Release */ = {
			isa = XCBuildConfiguration;
			buildSettings = {
				BUNDLE_LOADER = "$(TEST_HOST)";
				FRAMEWORK_SEARCH_PATHS = (
					"$(SDKROOT)/Developer/Library/Frameworks",
					"$(inherited)",
				);
				INFOPLIST_FILE = WaterChatTests/Info.plist;
				LD_RUNPATH_SEARCH_PATHS = "$(inherited) @executable_path/Frameworks @loader_path/Frameworks";
				PRODUCT_NAME = "$(TARGET_NAME)";
				TEST_HOST = "$(BUILT_PRODUCTS_DIR)/WaterChat.app/WaterChat";
			};
			name = Release;
		};
/* End XCBuildConfiguration section */

/* Begin XCConfigurationList section */
		DC689E421AA0174800FD78FE /* Build configuration list for PBXProject "WaterChat" */ = {
			isa = XCConfigurationList;
			buildConfigurations = (
				DC689E641AA0174900FD78FE /* Debug */,
				DC689E651AA0174900FD78FE /* Release */,
			);
			defaultConfigurationIsVisible = 0;
			defaultConfigurationName = Release;
		};
		DC689E661AA0174900FD78FE /* Build configuration list for PBXNativeTarget "WaterChat" */ = {
			isa = XCConfigurationList;
			buildConfigurations = (
				DC689E671AA0174900FD78FE /* Debug */,
				DC689E681AA0174900FD78FE /* Release */,
			);
			defaultConfigurationIsVisible = 0;
			defaultConfigurationName = Release;
		};
		DC689E691AA0174900FD78FE /* Build configuration list for PBXNativeTarget "WaterChatTests" */ = {
			isa = XCConfigurationList;
			buildConfigurations = (
				DC689E6A1AA0174900FD78FE /* Debug */,
				DC689E6B1AA0174900FD78FE /* Release */,
			);
			defaultConfigurationIsVisible = 0;
			defaultConfigurationName = Release;
		};
/* End XCConfigurationList section */
	};
	rootObject = DC689E3F1AA0174800FD78FE /* Project object */;
}
